{
  "requires": true,
  "lockfileVersion": 1,
  "dependencies": {
    "systemjs": {
      "version": "6.1.1",
      "resolved": "https://registry.npmjs.org/systemjs/-/systemjs-6.1.1.tgz",
      "integrity": "sha512-R1YeS6gvfBHRboezVrKzZoOSL4BzpU4XOI3OG0G0YAU7UEaOW2UhwmV8n/YVxzMjDNy76QO3ONIA+sxW8bMcQA=="
    }
  }
}
